dependencies:
- name: redis
  repository: https://charts.bitnami.com/bitnami
  version: 14.4.0
- name: postgresql
  repository: https://charts.bitnami.com/bitnami
  version: 10.5.0
digest: sha256:366b15b6b96344958991bab5bd699cfb072c2f91c0573d4fe4df26663c8d7466
generated: "2021-06-16T14:52:51.925019-04:00"
